# THIS IS AN AUTOGENERATED FILE. DO NOT EDIT THIS FILE DIRECTLY.
# yarn lockfile v1


"@next/env@12.3.1":
  version "12.3.1"
  resolved "https://registry.yarnpkg.com/@next/env/-/env-12.3.1.tgz#18266bd92de3b4aa4037b1927aa59e6f11879260"
  integrity sha512-9P9THmRFVKGKt9DYqeC2aKIxm8rlvkK38V1P1sRE7qyoPBIs8l9oo79QoSdPtOWfzkbDAVUqvbQGgTMsb8BtJg==

"@next/swc-android-arm-eabi@12.3.1":
  version "12.3.1"
  resolved "https://registry.yarnpkg.com/@next/swc-android-arm-eabi/-/swc-android-arm-eabi-12.3.1.tgz#b15ce8ad376102a3b8c0f3c017dde050a22bb1a3"
  integrity sha512-i+BvKA8tB//srVPPQxIQN5lvfROcfv4OB23/L1nXznP+N/TyKL8lql3l7oo2LNhnH66zWhfoemg3Q4VJZSruzQ==

"@next/swc-android-arm64@12.3.1":
  version "12.3.1"
  resolved "https://registry.yarnpkg.com/@next/swc-android-arm64/-/swc-android-arm64-12.3.1.tgz#85d205f568a790a137cb3c3f720d961a2436ac9c"
  integrity sha512-CmgU2ZNyBP0rkugOOqLnjl3+eRpXBzB/I2sjwcGZ7/Z6RcUJXK5Evz+N0ucOxqE4cZ3gkTeXtSzRrMK2mGYV8Q==

"@next/swc-darwin-arm64@12.3.1":
  version "12.3.1"
  resolved "https://registry.yarnpkg.com/@next/swc-darwin-arm64/-/swc-darwin-arm64-12.3.1.tgz#b105457d6760a7916b27e46c97cb1a40547114ae"
  integrity sha512-hT/EBGNcu0ITiuWDYU9ur57Oa4LybD5DOQp4f22T6zLfpoBMfBibPtR8XktXmOyFHrL/6FC2p9ojdLZhWhvBHg==

"@next/swc-darwin-x64@12.3.1":
  version "12.3.1"
  resolved "https://registry.yarnpkg.com/@next/swc-darwin-x64/-/swc-darwin-x64-12.3.1.tgz#6947b39082271378896b095b6696a7791c6e32b1"
  integrity sha512-9S6EVueCVCyGf2vuiLiGEHZCJcPAxglyckTZcEwLdJwozLqN0gtS0Eq0bQlGS3dH49Py/rQYpZ3KVWZ9BUf/WA==

"@next/swc-freebsd-x64@12.3.1":
  version "12.3.1"
  resolved "https://registry.yarnpkg.com/@next/swc-freebsd-x64/-/swc-freebsd-x64-12.3.1.tgz#2b6c36a4d84aae8b0ea0e0da9bafc696ae27085a"
  integrity sha512-qcuUQkaBZWqzM0F1N4AkAh88lLzzpfE6ImOcI1P6YeyJSsBmpBIV8o70zV+Wxpc26yV9vpzb+e5gCyxNjKJg5Q==

"@next/swc-linux-arm-gnueabihf@12.3.1":
  version "12.3.1"
  resolved "https://registry.yarnpkg.com/@next/swc-linux-arm-gnueabihf/-/swc-linux-arm-gnueabihf-12.3.1.tgz#6e421c44285cfedac1f4631d5de330dd60b86298"
  integrity sha512-diL9MSYrEI5nY2wc/h/DBewEDUzr/DqBjIgHJ3RUNtETAOB3spMNHvJk2XKUDjnQuluLmFMloet9tpEqU2TT9w==

"@next/swc-linux-arm64-gnu@12.3.1":
  version "12.3.1"
  resolved "https://registry.yarnpkg.com/@next/swc-linux-arm64-gnu/-/swc-linux-arm64-gnu-12.3.1.tgz#8863f08a81f422f910af126159d2cbb9552ef717"
  integrity sha512-o/xB2nztoaC7jnXU3Q36vGgOolJpsGG8ETNjxM1VAPxRwM7FyGCPHOMk1XavG88QZSQf+1r+POBW0tLxQOJ9DQ==

"@next/swc-linux-arm64-musl@12.3.1":
  version "12.3.1"
  resolved "https://registry.yarnpkg.com/@next/swc-linux-arm64-musl/-/swc-linux-arm64-musl-12.3.1.tgz#0038f07cf0b259d70ae0c80890d826dfc775d9f3"
  integrity sha512-2WEasRxJzgAmP43glFNhADpe8zB7kJofhEAVNbDJZANp+H4+wq+/cW1CdDi8DqjkShPEA6/ejJw+xnEyDID2jg==

"@next/swc-linux-x64-gnu@12.3.1":
  version "12.3.1"
  resolved "https://registry.yarnpkg.com/@next/swc-linux-x64-gnu/-/swc-linux-x64-gnu-12.3.1.tgz#c66468f5e8181ffb096c537f0dbfb589baa6a9c1"
  integrity sha512-JWEaMyvNrXuM3dyy9Pp5cFPuSSvG82+yABqsWugjWlvfmnlnx9HOQZY23bFq3cNghy5V/t0iPb6cffzRWylgsA==

"@next/swc-linux-x64-musl@12.3.1":
  version "12.3.1"
  resolved "https://registry.yarnpkg.com/@next/swc-linux-x64-musl/-/swc-linux-x64-musl-12.3.1.tgz#c6269f3e96ac0395bc722ad97ce410ea5101d305"
  integrity sha512-xoEWQQ71waWc4BZcOjmatuvPUXKTv6MbIFzpm4LFeCHsg2iwai0ILmNXf81rJR+L1Wb9ifEke2sQpZSPNz1Iyg==

"@next/swc-win32-arm64-msvc@12.3.1":
  version "12.3.1"
  resolved "https://registry.yarnpkg.com/@next/swc-win32-arm64-msvc/-/swc-win32-arm64-msvc-12.3.1.tgz#83c639ee969cee36ce247c3abd1d9df97b5ecade"
  integrity sha512-hswVFYQYIeGHE2JYaBVtvqmBQ1CppplQbZJS/JgrVI3x2CurNhEkmds/yqvDONfwfbttTtH4+q9Dzf/WVl3Opw==

"@next/swc-win32-ia32-msvc@12.3.1":
  version "12.3.1"
  resolved "https://registry.yarnpkg.com/@next/swc-win32-ia32-msvc/-/swc-win32-ia32-msvc-12.3.1.tgz#52995748b92aa8ad053440301bc2c0d9fbcf27c2"
  integrity sha512-Kny5JBehkTbKPmqulr5i+iKntO5YMP+bVM8Hf8UAmjSMVo3wehyLVc9IZkNmcbxi+vwETnQvJaT5ynYBkJ9dWA==

"@next/swc-win32-x64-msvc@12.3.1":
  version "12.3.1"
  resolved "https://registry.yarnpkg.com/@next/swc-win32-x64-msvc/-/swc-win32-x64-msvc-12.3.1.tgz#27d71a95247a9eaee03d47adee7e3bd594514136"
  integrity sha512-W1ijvzzg+kPEX6LAc+50EYYSEo0FVu7dmTE+t+DM4iOLqgGHoW9uYSz9wCVdkXOEEMP9xhXfGpcSxsfDucyPkA==

"@swc/helpers@0.4.11":
  version "0.4.11"
  resolved "https://registry.yarnpkg.com/@swc/helpers/-/helpers-0.4.11.tgz#db23a376761b3d31c26502122f349a21b592c8de"
  integrity sha512-rEUrBSGIoSFuYxwBYtlUFMlE2CwGhmW+w9355/5oduSw8e5h2+Tj4UrAGNNgP9915++wj5vkQo0UuOBqOAq4nw==
  dependencies:
    tslib "^2.4.0"

"@tscircuit/builder@^1.0.3", "@tscircuit/builder@^1.0.4":
  version "1.0.4"
  resolved "https://registry.yarnpkg.com/@tscircuit/builder/-/builder-1.0.4.tgz#d3c0490c52807d3a40b8a788b6d9498fdce64db2"
  integrity sha512-h0AeWUuaUiwHUFiGU82+8lbThy35z37LnplqHUJgPrUsRNTC/U6afk/7GoUE4pcB2bhWt60/KFkuKVNjD+kbig==
  dependencies:
    parsel-js "^1.0.2"
    rectilinear-router "^1.0.1"
    svg-path-bounds "^1.0.2"
    transformation-matrix "^2.12.0"

"@tscircuit/eagle-xml-converter@^0.0.6":
  version "0.0.6"
  resolved "https://registry.yarnpkg.com/@tscircuit/eagle-xml-converter/-/eagle-xml-converter-0.0.6.tgz#ef40bc390e4cf9e456dd25f32b7e6d1315d67df1"
  integrity sha512-rNbfSGX2qiqeOy+AnZ3lN+t+PK6ijx/eOM3ZedgjaHbYhrWYexDbP6Qt/jISjREMyO/G2uhXgiBFWsqKI9BEvQ==
  dependencies:
    fast-xml-parser "^4.0.10"

"@tscircuit/react-fiber@^0.0.3":
  version "0.0.3"
  resolved "https://registry.yarnpkg.com/@tscircuit/react-fiber/-/react-fiber-0.0.3.tgz#9275b611616e2be5de97ff855b441e870230ee77"
  integrity sha512-hRvHsXV8oY9t0SmnfenEopbmwGbBIVXz7XcNALXTSQC2ghnpE0cQ5U6TLtbMqZaVNNzexmaSDiX9fpjy3BuCvQ==
  dependencies:
    "@tscircuit/builder" "^1.0.3"
    "@types/react-reconciler" "^0.28.0"
    react "^18.2.0"
    react-reconciler "^0.29.0"

"@types/node@18.7.23":
  version "18.7.23"
  resolved "https://registry.yarnpkg.com/@types/node/-/node-18.7.23.tgz#75c580983846181ebe5f4abc40fe9dfb2d65665f"
  integrity sha512-DWNcCHolDq0ZKGizjx2DZjR/PqsYwAcYUJmfMWqtVU2MBMG5Mo+xFZrhGId5r/O5HOuMPyQEcM6KUBp5lBZZBg==

"@types/prop-types@*":
  version "15.7.5"
  resolved "https://registry.yarnpkg.com/@types/prop-types/-/prop-types-15.7.5.tgz#5f19d2b85a98e9558036f6a3cacc8819420f05cf"
  integrity sha512-JCB8C6SnDoQf0cNycqd/35A7MjcnK+ZTqE7judS6o7utxUCg6imJg3QK2qzHKszlTjcj2cn+NwMB2i96ubpj7w==

"@types/react-reconciler@^0.28.0":
  version "0.28.0"
  resolved "https://registry.yarnpkg.com/@types/react-reconciler/-/react-reconciler-0.28.0.tgz#513acbed173140e958c909041ca14eb40412077f"
  integrity sha512-5cjk9ottZAj7eaTsqzPUIlrVbh3hBAO2YaEL1rkjHKB3xNAId7oU8GhzvAX+gfmlfoxTwJnBjPxEHyxkEA1Ffg==
  dependencies:
    "@types/react" "*"

"@types/react@*", "@types/react@^18.0.21":
  version "18.0.21"
  resolved "https://registry.yarnpkg.com/@types/react/-/react-18.0.21.tgz#b8209e9626bb00a34c76f55482697edd2b43cc67"
  integrity sha512-7QUCOxvFgnD5Jk8ZKlUAhVcRj7GuJRjnjjiY/IUBWKgOlnvDvTMLD4RTF7NPyVmbRhNrbomZiOepg7M/2Kj1mA==
  dependencies:
    "@types/prop-types" "*"
    "@types/scheduler" "*"
    csstype "^3.0.2"

"@types/scheduler@*":
  version "0.16.2"
  resolved "https://registry.yarnpkg.com/@types/scheduler/-/scheduler-0.16.2.tgz#1a62f89525723dde24ba1b01b092bf5df8ad4d39"
  integrity sha512-hppQEBDmlwhFAXKJX2KnWLYu5yMfi91yazPb2l+lbJiwW+wdo1gNeRA+3RgNSO39WYX2euey41KEwnqesU2Jew==

abs-svg-path@^0.1.1:
  version "0.1.1"
  resolved "https://registry.yarnpkg.com/abs-svg-path/-/abs-svg-path-0.1.1.tgz#df601c8e8d2ba10d4a76d625e236a9a39c2723bf"
  integrity sha512-d8XPSGjfyzlXC3Xx891DJRyZfqk5JU0BJrDQcsWomFIV1/BIzPW5HDH5iDdWpqWaav0YVIEzT1RHTwWr0FFshA==

caniuse-lite@^1.0.30001406:
  version "1.0.30001414"
  resolved "https://registry.yarnpkg.com/caniuse-lite/-/caniuse-lite-1.0.30001414.tgz#5f1715e506e71860b4b07c50060ea6462217611e"
  integrity sha512-t55jfSaWjCdocnFdKQoO+d2ct9C59UZg4dY3OnUlSZ447r8pUtIKdp0hpAzrGFultmTC+Us+KpKi4GZl/LXlFg==

csstype@^3.0.2:
  version "3.1.1"
  resolved "https://registry.yarnpkg.com/csstype/-/csstype-3.1.1.tgz#841b532c45c758ee546a11d5bd7b7b473c8c30b9"
  integrity sha512-DJR/VvkAvSZW9bTouZue2sSxDwdTN92uHjqeKVm+0dAqdfNykRzQ95tay8aXMBAAPpUiq4Qcug2L7neoRh2Egw==

fast-xml-parser@^4.0.10:
  version "4.0.10"
  resolved "https://registry.yarnpkg.com/fast-xml-parser/-/fast-xml-parser-4.0.10.tgz#72c81f74a0ef98af77ef37dd19d227533aae2994"
  integrity sha512-mYMMIk7Ho1QOiedyvafdyPamn1Vlda+5n95lcn0g79UiCQoLQ2xfPQ8m3pcxBMpVaftYXtoIE2wrNTjmLQnnkg==
  dependencies:
    strnum "^1.0.5"

glpk.js@^4.0.1:
  version "4.0.1"
  resolved "https://registry.yarnpkg.com/glpk.js/-/glpk.js-4.0.1.tgz#5ec021d5712fad8bd3c256d87a6e2b6b3003240b"
  integrity sha512-sxb3UT9IP2NXCocvFoC4I4XcvyVRGTS48hRWWpSAnl8yrsSbKDF58HjR8BUu1YxXHkkZ3kq7ycs7RLvI7l1pYg==
  dependencies:
    pako "^2.0.4"

is-svg-path@^1.0.1:
  version "1.0.2"
  resolved "https://registry.yarnpkg.com/is-svg-path/-/is-svg-path-1.0.2.tgz#77ab590c12b3d20348e5c7a13d0040c87784dda0"
  integrity sha512-Lj4vePmqpPR1ZnRctHv8ltSh1OrSxHkhUkd7wi+VQdcdP15/KvQFyk7LhNuM7ZW0EVbJz8kZLVmL9quLrfq4Kg==

"js-tokens@^3.0.0 || ^4.0.0":
  version "4.0.0"
  resolved "https://registry.yarnpkg.com/js-tokens/-/js-tokens-4.0.0.tgz#19203fb59991df98e3a287050d4647cdeaf32499"
  integrity sha512-RdJUflcE3cUzKiMqQgsCu06FPu9UdIJO0beYbPhHN4k6apgJtifcoCtT9bcxOpYBtpD2kCM6Sbzg4CausW/PKQ==

lodash@^4.17.21:
  version "4.17.21"
  resolved "https://registry.yarnpkg.com/lodash/-/lodash-4.17.21.tgz#679591c564c3bffaae8454cf0b3df370c3d6911c"
  integrity sha512-v2kDEe57lecTulaDIuNTPy3Ry4gLGJ6Z1O3vE1krgXZNrsQ+LFTGHVxVjcXPs17LhbZVGedAJv8XZ1tvj5FvSg==

loose-envify@^1.1.0:
  version "1.4.0"
  resolved "https://registry.yarnpkg.com/loose-envify/-/loose-envify-1.4.0.tgz#71ee51fa7be4caec1a63839f7e682d8132d30caf"
  integrity sha512-lyuxPGr/Wfhrlem2CL/UcnUc1zcqKAImBDzukY7Y5F/yQiNdko6+fRLevlw1HgMySw7f611UIY408EtxRSoK3Q==
  dependencies:
    js-tokens "^3.0.0 || ^4.0.0"

nanoid@^3.3.4:
  version "3.3.4"
  resolved "https://registry.yarnpkg.com/nanoid/-/nanoid-3.3.4.tgz#730b67e3cd09e2deacf03c027c81c9d9dbc5e8ab"
  integrity sha512-MqBkQh/OHTS2egovRtLk45wEyNXwF+cokD+1YPf9u5VfJiRdAiRwB2froX5Co9Rh20xs4siNPm8naNotSD6RBw==

next@^12.3.1:
  version "12.3.1"
  resolved "https://registry.yarnpkg.com/next/-/next-12.3.1.tgz#127b825ad2207faf869b33393ec8c75fe61e50f1"
  integrity sha512-l7bvmSeIwX5lp07WtIiP9u2ytZMv7jIeB8iacR28PuUEFG5j0HGAPnMqyG5kbZNBG2H7tRsrQ4HCjuMOPnANZw==
  dependencies:
    "@next/env" "12.3.1"
    "@swc/helpers" "0.4.11"
    caniuse-lite "^1.0.30001406"
    postcss "8.4.14"
    styled-jsx "5.0.7"
    use-sync-external-store "1.2.0"
  optionalDependencies:
    "@next/swc-android-arm-eabi" "12.3.1"
    "@next/swc-android-arm64" "12.3.1"
    "@next/swc-darwin-arm64" "12.3.1"
    "@next/swc-darwin-x64" "12.3.1"
    "@next/swc-freebsd-x64" "12.3.1"
    "@next/swc-linux-arm-gnueabihf" "12.3.1"
    "@next/swc-linux-arm64-gnu" "12.3.1"
    "@next/swc-linux-arm64-musl" "12.3.1"
    "@next/swc-linux-x64-gnu" "12.3.1"
    "@next/swc-linux-x64-musl" "12.3.1"
    "@next/swc-win32-arm64-msvc" "12.3.1"
    "@next/swc-win32-ia32-msvc" "12.3.1"
    "@next/swc-win32-x64-msvc" "12.3.1"

normalize-svg-path@^1.0.0:
  version "1.1.0"
  resolved "https://registry.yarnpkg.com/normalize-svg-path/-/normalize-svg-path-1.1.0.tgz#0e614eca23c39f0cffe821d6be6cd17e569a766c"
  integrity sha512-r9KHKG2UUeB5LoTouwDzBy2VxXlHsiM6fyLQvnJa0S5hrhzqElH/CH7TUGhT1fVvIYBIKf3OpY4YJ4CK+iaqHg==
  dependencies:
    svg-arc-to-cubic-bezier "^3.0.0"

pako@^2.0.4:
  version "2.0.4"
  resolved "https://registry.yarnpkg.com/pako/-/pako-2.0.4.tgz#6cebc4bbb0b6c73b0d5b8d7e8476e2b2fbea576d"
  integrity sha512-v8tweI900AUkZN6heMU/4Uy4cXRc2AYNRggVmTR+dEncawDJgCdLMximOVA2p4qO57WMynangsfGRb5WD6L1Bg==

parse-svg-path@^0.1.2:
  version "0.1.2"
  resolved "https://registry.yarnpkg.com/parse-svg-path/-/parse-svg-path-0.1.2.tgz#7a7ec0d1eb06fa5325c7d3e009b859a09b5d49eb"
  integrity sha512-JyPSBnkTJ0AI8GGJLfMXvKq42cj5c006fnLz6fXy6zfoVjJizi8BNTpu8on8ziI1cKy9d9DGNuY17Ce7wuejpQ==

parsel-js@^1.0.2:
  version "1.0.2"
  resolved "https://registry.yarnpkg.com/parsel-js/-/parsel-js-1.0.2.tgz#46d2956ee181383cbda6547d7bf89fb8daccbabc"
  integrity sha512-G8Wzng7kxh8k6trrL5U5Fv25r7WJ/s4SEo8B6AF/5qSMq6PfptKXSWvBYw3s6eEXKFjWIsMc5hxuekht5XRbng==

picocolors@^1.0.0:
  version "1.0.0"
  resolved "https://registry.yarnpkg.com/picocolors/-/picocolors-1.0.0.tgz#cb5bdc74ff3f51892236eaf79d68bc44564ab81c"
  integrity sha512-1fygroTLlHu66zi26VoTDv8yRgm0Fccecssto+MhsZ0D/DGW2sm8E8AjW7NU5VVTRt5GxbeZ5qBuJr+HyLYkjQ==

postcss@8.4.14:
  version "8.4.14"
  resolved "https://registry.yarnpkg.com/postcss/-/postcss-8.4.14.tgz#ee9274d5622b4858c1007a74d76e42e56fd21caf"
  integrity sha512-E398TUmfAYFPBSdzgeieK2Y1+1cpdxJx8yXbK/m57nRhKSmk1GB2tO4lbLBtlkfPQTDKfe4Xqv1ASWPpayPEig==
  dependencies:
    nanoid "^3.3.4"
    picocolors "^1.0.0"
    source-map-js "^1.0.2"

react-dom@^18.2.0:
  version "18.2.0"
  resolved "https://registry.yarnpkg.com/react-dom/-/react-dom-18.2.0.tgz#22aaf38708db2674ed9ada224ca4aa708d821e3d"
  integrity sha512-6IMTriUmvsjHUjNtEDudZfuDQUoWXVxKHhlEGSk81n4YFS+r/Kl99wXiwlVXtPBtJenozv2P+hxDsw9eA7Xo6g==
  dependencies:
    loose-envify "^1.1.0"
    scheduler "^0.23.0"

react-reconciler@^0.29.0:
  version "0.29.0"
  resolved "https://registry.yarnpkg.com/react-reconciler/-/react-reconciler-0.29.0.tgz#ee769bd362915076753f3845822f2d1046603de7"
  integrity sha512-wa0fGj7Zht1EYMRhKWwoo1H9GApxYLBuhoAuXN0TlltESAjDssB+Apf0T/DngVqaMyPypDmabL37vw/2aRM98Q==
  dependencies:
    loose-envify "^1.1.0"
    scheduler "^0.23.0"

react@^18.2.0:
  version "18.2.0"
  resolved "https://registry.yarnpkg.com/react/-/react-18.2.0.tgz#555bd98592883255fa00de14f1151a917b5d77d5"
  integrity sha512-/3IjMdb2L9QbBdWiW5e3P2/npwMBaU9mHCSCUzNln0ZCYbcfTsGbTJrU/kGemdH2IWmB2ioZ+zkxtmq6g09fGQ==
  dependencies:
    loose-envify "^1.1.0"

rectilinear-router@^1.0.1:
  version "1.0.1"
  resolved "https://registry.yarnpkg.com/rectilinear-router/-/rectilinear-router-1.0.1.tgz#8b817cbd51fad93d994a928c7339a2ae5bd4568d"
  integrity sha512-3cLXo9A8/jK36nU5XRTC0V/9DLn0ORBaI02nYqGnoscazzo1xphyzzmQIJK8QjyNSBqoDAypkpOEP0khMMIPPw==
  dependencies:
    lodash "^4.17.21"
    rsmt-ts "^1.1.4"

rsmt-ts@^1.1.4:
  version "1.1.6"
  resolved "https://registry.yarnpkg.com/rsmt-ts/-/rsmt-ts-1.1.6.tgz#f164f9b9629322d1adee3026b559e78e6b63bb99"
  integrity sha512-SKq3nla9/X4YUJX+DkInHbdZ/iEfVkGnpvP8zaF9/vv09vpHHmpiHv129zpKkVjVr7dML9lBGBdTok41Z3rQnQ==
  dependencies:
    glpk.js "^4.0.1"

scheduler@^0.23.0:
  version "0.23.0"
  resolved "https://registry.yarnpkg.com/scheduler/-/scheduler-0.23.0.tgz#ba8041afc3d30eb206a487b6b384002e4e61fdfe"
  integrity sha512-CtuThmgHNg7zIZWAXi3AsyIzA3n4xx7aNyjwC2VJldO2LMVDhFK+63xGqq6CsJH4rTAt6/M+N4GhZiDYPx9eUw==
  dependencies:
    loose-envify "^1.1.0"

source-map-js@^1.0.2:
  version "1.0.2"
  resolved "https://registry.yarnpkg.com/source-map-js/-/source-map-js-1.0.2.tgz#adbc361d9c62df380125e7f161f71c826f1e490c"
  integrity sha512-R0XvVJ9WusLiqTCEiGCmICCMplcCkIwwR11mOSD9CR5u+IXYdiseeEuXCVAjS54zqwkLcPNnmU4OeJ6tUrWhDw==

strnum@^1.0.5:
  version "1.0.5"
  resolved "https://registry.yarnpkg.com/strnum/-/strnum-1.0.5.tgz#5c4e829fe15ad4ff0d20c3db5ac97b73c9b072db"
  integrity sha512-J8bbNyKKXl5qYcR36TIO8W3mVGVHrmmxsd5PAItGkmyzwJvybiw2IVq5nqd0i4LSNSkB/sx9VHllbfFdr9k1JA==

styled-jsx@5.0.7:
  version "5.0.7"
  resolved "https://registry.yarnpkg.com/styled-jsx/-/styled-jsx-5.0.7.tgz#be44afc53771b983769ac654d355ca8d019dff48"
  integrity sha512-b3sUzamS086YLRuvnaDigdAewz1/EFYlHpYBP5mZovKEdQQOIIYq8lApylub3HHZ6xFjV051kkGU7cudJmrXEA==

svg-arc-to-cubic-bezier@^3.0.0:
  version "3.2.0"
  resolved "https://registry.yarnpkg.com/svg-arc-to-cubic-bezier/-/svg-arc-to-cubic-bezier-3.2.0.tgz#390c450035ae1c4a0104d90650304c3bc814abe6"
  integrity sha512-djbJ/vZKZO+gPoSDThGNpKDO+o+bAeA4XQKovvkNCqnIS2t+S4qnLAGQhyyrulhCFRl1WWzAp0wUDV8PpTVU3g==

svg-path-bounds@^1.0.2:
  version "1.0.2"
  resolved "https://registry.yarnpkg.com/svg-path-bounds/-/svg-path-bounds-1.0.2.tgz#00312f672b08afc432a66ddfbd06db40cec8d0d0"
  integrity sha512-H4/uAgLWrppIC0kHsb2/dWUYSmb4GE5UqH06uqWBcg6LBjX2fu0A8+JrO2/FJPZiSsNOKZAhyFFgsLTdYUvSqQ==
  dependencies:
    abs-svg-path "^0.1.1"
    is-svg-path "^1.0.1"
    normalize-svg-path "^1.0.0"
    parse-svg-path "^0.1.2"

transformation-matrix@^2.12.0, transformation-matrix@^2.13.0:
  version "2.13.0"
  resolved "https://registry.yarnpkg.com/transformation-matrix/-/transformation-matrix-2.13.0.tgz#4b367e715049197be8b658ac0fe6aed51fb43088"
  integrity sha512-TAkpbTWNBG/tlI68WEFHUQlK71PBIk+7EBqE91qi7NNho3EO5APqDw19FY7Clkeom5GhyAcGQPqn0wsD8WkYfA==

tslib@^2.4.0:
  version "2.4.0"
  resolved "https://registry.yarnpkg.com/tslib/-/tslib-2.4.0.tgz#7cecaa7f073ce680a05847aa77be941098f36dc3"
  integrity sha512-d6xOpEDfsi2CZVlPQzGeux8XMwLT9hssAsaPYExaQMuYskwb+x1x7J371tWlbBdWHroy99KnVB6qIkUbs5X3UQ==

type-fest@^3.0.0:
  version "3.0.0"
  resolved "https://registry.yarnpkg.com/type-fest/-/type-fest-3.0.0.tgz#678e2e8d916e3b7dc1c3a6591d399ba3f7521584"
  integrity sha512-MINvUN5ug9u+0hJDzSZNSnuKXI8M4F5Yvb6SQZ2CYqe7SgKXKOosEcU5R7tRgo85I6eAVBbkVF7TCvB4AUK2xQ==

typescript@^4.8.4:
  version "4.8.4"
  resolved "https://registry.yarnpkg.com/typescript/-/typescript-4.8.4.tgz#c464abca159669597be5f96b8943500b238e60e6"
  integrity sha512-QCh+85mCy+h0IGff8r5XWzOVSbBO+KfeYrMQh7NJ58QujwcE22u+NUSmUxqF+un70P9GXKxa2HCNiTTMJknyjQ==

use-sync-external-store@1.2.0:
  version "1.2.0"
  resolved "https://registry.yarnpkg.com/use-sync-external-store/-/use-sync-external-store-1.2.0.tgz#7dbefd6ef3fe4e767a0cf5d7287aacfb5846928a"
  integrity sha512-eEgnFxGQ1Ife9bzYs6VLi8/4X6CObHMw9Qr9tPY43iKwsPw8xE8+EFsf/2cFZ5S3esXgpWgtSCtLNS41F+sKPA==
